// !$*UTF8*$!
{
	archiveVersion = 1;
	classes = {
	};
	objectVersion = 50;
	objects = {

/* Begin PBXBuildFile section */
		8061B81C23730AC70079DF16 /* AppDelegate.swift in Sources */ = {isa = PBXBuildFile; fileRef = 8061B81B23730AC70079DF16 /* AppDelegate.swift */; };
		8061B82023730AC70079DF16 /* ViewController.swift in Sources */ = {isa = PBXBuildFile; fileRef = 8061B81F23730AC70079DF16 /* ViewController.swift */; };
		8061B82323730AC70079DF16 /* Main.storyboard in Resources */ = {isa = PBXBuildFile; fileRef = 8061B82123730AC70079DF16 /* Main.storyboard */; };
		8061B82523730AC80079DF16 /* Assets.xcassets in Resources */ = {isa = PBXBuildFile; fileRef = 8061B82423730AC80079DF16 /* Assets.xcassets */; };
		8061B82823730AC80079DF16 /* LaunchScreen.storyboard in Resources */ = {isa = PBXBuildFile; fileRef = 8061B82623730AC80079DF16 /* LaunchScreen.storyboard */; };
		8061B83323730AC80079DF16 /* BluetoothScannerTesterTests.swift in Sources */ = {isa = PBXBuildFile; fileRef = 8061B83223730AC80079DF16 /* BluetoothScannerTesterTests.swift */; };
/* End PBXBuildFile section */

/* Begin PBXContainerItemProxy section */
		8061B82F23730AC80079DF16 /* PBXContainerItemProxy */ = {
			isa = PBXContainerItemProxy;
			containerPortal = 8061B81023730AC70079DF16 /* Project object */;
			proxyType = 1;
			remoteGlobalIDString = 8061B81723730AC70079DF16;
			remoteInfo = BluetoothScannerTester;
		};
/* End PBXContainerItemProxy section */

/* Begin PBXFileReference section */
		8061B81823730AC70079DF16 /* BluetoothScannerTester.app */ = {isa = PBXFileReference; explicitFileType = wrapper.application; includeInIndex = 0; path = BluetoothScannerTester.app; sourceTree = BUILT_PRODUCTS_DIR; };
		8061B81B23730AC70079DF16 /* AppDelegate.swift */ = {isa = PBXFileReference; lastKnownFileType = sourcecode.swift; path = AppDelegate.swift; sourceTree = "<group>"; };
		8061B81F23730AC70079DF16 /* ViewController.swift */ = {isa = PBXFileReference; lastKnownFileType = sourcecode.swift; path = ViewController.swift; sourceTree = "<group>"; };
		8061B82223730AC70079DF16 /* Base */ = {isa = PBXFileReference; lastKnownFileType = file.storyboard; name = Base; path = Base.lproj/Main.storyboard; sourceTree = "<group>"; };
		8061B82423730AC80079DF16 /* Assets.xcassets */ = {isa = PBXFileReference; lastKnownFileType = folder.assetcatalog; path = Assets.xcassets; sourceTree = "<group>"; };
		8061B82723730AC80079DF16 /* Base */ = {isa = PBXFileReference; lastKnownFileType = file.storyboard; name = Base; path = Base.lproj/LaunchScreen.storyboard; sourceTree = "<group>"; };
		8061B82923730AC80079DF16 /* Info.plist */ = {isa = PBXFileReference; lastKnownFileType = text.plist.xml; path = Info.plist; sourceTree = "<group>"; };
		8061B82E23730AC80079DF16 /* BluetoothScannerTesterTests.xctest */ = {isa = PBXFileReference; explicitFileType = wrapper.cfbundle; includeInIndex = 0; path = BluetoothScannerTesterTests.xctest; sourceTree = BUILT_PRODUCTS_DIR; };
		8061B83223730AC80079DF16 /* BluetoothScannerTesterTests.swift */ = {isa = PBXFileReference; lastKnownFileType = sourcecode.swift; path = BluetoothScannerTesterTests.swift; sourceTree = "<group>"; };
		8061B83423730AC80079DF16 /* Info.plist */ = {isa = PBXFileReference; lastKnownFileType = text.plist.xml; path = Info.plist; sourceTree = "<group>"; };
/* End PBXFileReference section */

/* Begin PBXFrameworksBuildPhase section */
		8061B81523730AC70079DF16 /* Frameworks */ = {
			isa = PBXFrameworksBuildPhase;
			buildActionMask = 2147483647;
			files = (
			);
			runOnlyForDeploymentPostprocessing = 0;
		};
		8061B82B23730AC80079DF16 /* Frameworks */ = {
			isa = PBXFrameworksBuildPhase;
			buildActionMask = 2147483647;
			files = (
			);
			runOnlyForDeploymentPostprocessing = 0;
		};
/* End PBXFrameworksBuildPhase section */

/* Begin PBXGroup section */
		8061B80F23730AC70079DF16 = {
			isa = PBXGroup;
			children = (
				8061B81A23730AC70079DF16 /* BluetoothScannerTester */,
				8061B83123730AC80079DF16 /* BluetoothScannerTesterTests */,
				8061B81923730AC70079DF16 /* Products */,
			);
			sourceTree = "<group>";
		};
		8061B81923730AC70079DF16 /* Products */ = {
			isa = PBXGroup;
			children = (
				8061B81823730AC70079DF16 /* BluetoothScannerTester.app */,
				8061B82E23730AC80079DF16 /* BluetoothScannerTesterTests.xctest */,
			);
			name = Products;
			sourceTree = "<group>";
		};
		8061B81A23730AC70079DF16 /* BluetoothScannerTester */ = {
			isa = PBXGroup;
			children = (
				8061B81B23730AC70079DF16 /* AppDelegate.swift */,
				8061B81F23730AC70079DF16 /* ViewController.swift */,
				8061B82123730AC70079DF16 /* Main.storyboard */,
				8061B82423730AC80079DF16 /* Assets.xcassets */,
				8061B82623730AC80079DF16 /* LaunchScreen.storyboard */,
				8061B82923730AC80079DF16 /* Info.plist */,
			);
			path = BluetoothScannerTester;
			sourceTree = "<group>";
		};
		8061B83123730AC80079DF16 /* BluetoothScannerTesterTests */ = {
			isa = PBXGroup;
			children = (
				8061B83223730AC80079DF16 /* BluetoothScannerTesterTests.swift */,
				8061B83423730AC80079DF16 /* Info.plist */,
			);
			path = BluetoothScannerTesterTests;
			sourceTree = "<group>";
		};
/* End PBXGroup section */

/* Begin PBXNativeTarget section */
		8061B81723730AC70079DF16 /* BluetoothScannerTester */ = {
			isa = PBXNativeTarget;
			buildConfigurationList = 8061B83723730AC80079DF16 /* Build configuration list for PBXNativeTarget "BluetoothScannerTester" */;
			buildPhases = (
				8061B81423730AC70079DF16 /* Sources */,
				8061B81523730AC70079DF16 /* Frameworks */,
				8061B81623730AC70079DF16 /* Resources */,
			);
			buildRules = (
			);
			dependencies = (
			);
			name = BluetoothScannerTester;
			productName = BluetoothScannerTester;
			productReference = 8061B81823730AC70079DF16 /* BluetoothScannerTester.app */;
			productType = "com.apple.product-type.application";
		};
		8061B82D23730AC80079DF16 /* BluetoothScannerTesterTests */ = {
			isa = PBXNativeTarget;
			buildConfigurationList = 8061B83A23730AC80079DF16 /* Build configuration list for PBXNativeTarget "BluetoothScannerTesterTests" */;
			buildPhases = (
				8061B82A23730AC80079DF16 /* Sources */,
				8061B82B23730AC80079DF16 /* Frameworks */,
				8061B82C23730AC80079DF16 /* Resources */,
			);
			buildRules = (
			);
			dependencies = (
				8061B83023730AC80079DF16 /* PBXTargetDependency */,
			);
			name = BluetoothScannerTesterTests;
			productName = BluetoothScannerTesterTests;
			productReference = 8061B82E23730AC80079DF16 /* BluetoothScannerTesterTests.xctest */;
			productType = "com.apple.product-type.bundle.unit-test";
		};
/* End PBXNativeTarget section */

/* Begin PBXProject section */
		8061B81023730AC70079DF16 /* Project object */ = {
			isa = PBXProject;
			attributes = {
				LastSwiftUpdateCheck = 1110;
				LastUpgradeCheck = 1110;
				ORGANIZATIONNAME = Silvair;
				TargetAttributes = {
					8061B81723730AC70079DF16 = {
						CreatedOnToolsVersion = 11.1;
					};
					8061B82D23730AC80079DF16 = {
						CreatedOnToolsVersion = 11.1;
						TestTargetID = 8061B81723730AC70079DF16;
					};
				};
			};
			buildConfigurationList = 8061B81323730AC70079DF16 /* Build configuration list for PBXProject "BluetoothScannerTester" */;
			compatibilityVersion = "Xcode 9.3";
			developmentRegion = en;
			hasScannedForEncodings = 0;
			knownRegions = (
				en,
				Base,
			);
			mainGroup = 8061B80F23730AC70079DF16;
			productRefGroup = 8061B81923730AC70079DF16 /* Products */;
			projectDirPath = "";
			projectRoot = "";
			targets = (
				8061B81723730AC70079DF16 /* BluetoothScannerTester */,
				8061B82D23730AC80079DF16 /* BluetoothScannerTesterTests */,
			);
		};
/* End PBXProject section */

/* Begin PBXResourcesBuildPhase section */
		8061B81623730AC70079DF16 /* Resources */ = {
			isa = PBXResourcesBuildPhase;
			buildActionMask = 2147483647;
			files = (
				8061B82823730AC80079DF16 /* LaunchScreen.storyboard in Resources */,
				8061B82523730AC80079DF16 /* Assets.xcassets in Resources */,
				8061B82323730AC70079DF16 /* Main.storyboard in Resources */,
			);
			runOnlyForDeploymentPostprocessing = 0;
		};
		8061B82C23730AC80079DF16 /* Resources */ = {
			isa = PBXResourcesBuildPhase;
			buildActionMask = 2147483647;
			files = (
			);
			runOnlyForDeploymentPostprocessing = 0;
		};
/* End PBXResourcesBuildPhase section */

/* Begin PBXSourcesBuildPhase section */
		8061B81423730AC70079DF16 /* Sources */ = {
			isa = PBXSourcesBuildPhase;
			buildActionMask = 2147483647;
			files = (
				8061B82023730AC70079DF16 /* ViewController.swift in Sources */,
				8061B81C23730AC70079DF16 /* AppDelegate.swift in Sources */,
			);
			runOnlyForDeploymentPostprocessing = 0;
		};
		8061B82A23730AC80079DF16 /* Sources */ = {
			isa = PBXSourcesBuildPhase;
			buildActionMask = 2147483647;
			files = (
				8061B83323730AC80079DF16 /* BluetoothScannerTesterTests.swift in Sources */,
			);
			runOnlyForDeploymentPostprocessing = 0;
		};
/* End PBXSourcesBuildPhase section */

/* Begin PBXTargetDependency section */
		8061B83023730AC80079DF16 /* PBXTargetDependency */ = {
			isa = PBXTargetDependency;
			target = 8061B81723730AC70079DF16 /* BluetoothScannerTester */;
			targetProxy = 8061B82F23730AC80079DF16 /* PBXContainerItemProxy */;
		};
/* End PBXTargetDependency section */

/* Begin PBXVariantGroup section */
		8061B82123730AC70079DF16 /* Main.storyboard */ = {
			isa = PBXVariantGroup;
			children = (
				8061B82223730AC70079DF16 /* Base */,
			);
			name = Main.storyboard;
			sourceTree = "<group>";
		};
		8061B82623730AC80079DF16 /* LaunchScreen.storyboard */ = {
			isa = PBXVariantGroup;
			children = (
				8061B82723730AC80079DF16 /* Base */,
			);
			name = LaunchScreen.storyboard;
			sourceTree = "<group>";
		};
/* End PBXVariantGroup section */

/* Begin XCBuildConfiguration section */
		8061B83523730AC80079DF16 /* Debug */ = {
			isa = XCBuildConfiguration;
			buildSettings = {
				ALWAYS_SEARCH_USER_PATHS = NO;
				CLANG_ANALYZER_NONNULL = YES;
				CLANG_ANALYZER_NUMBER_OBJECT_CONVERSION = YES_AGGRESSIVE;
				CLANG_CXX_LANGUAGE_STANDARD = "gnu++14";
				CLANG_CXX_LIBRARY = "libc++";
				CLANG_ENABLE_MODULES = YES;
				CLANG_ENABLE_OBJC_ARC = YES;
				CLANG_ENABLE_OBJC_WEAK = YES;
				CLANG_WARN_BLOCK_CAPTURE_AUTORELEASING = YES;
				CLANG_WARN_BOOL_CONVERSION = YES;
				CLANG_WARN_COMMA = YES;
				CLANG_WARN_CONSTANT_CONVERSION = YES;
				CLANG_WARN_DEPRECATED_OBJC_IMPLEMENTATIONS = YES;
				CLANG_WARN_DIRECT_OBJC_ISA_USAGE = YES_ERROR;
				CLANG_WARN_DOCUMENTATION_COMMENTS = YES;
				CLANG_WARN_EMPTY_BODY = YES;
				CLANG_WARN_ENUM_CONVERSION = YES;
				CLANG_WARN_INFINITE_RECURSION = YES;
				CLANG_WARN_INT_CONVERSION = YES;
				CLANG_WARN_NON_LITERAL_NULL_CONVERSION = YES;
				CLANG_WARN_OBJC_IMPLICIT_RETAIN_SELF = YES;
				CLANG_WARN_OBJC_LITERAL_CONVERSION = YES;
				CLANG_WARN_OBJC_ROOT_CLASS = YES_ERROR;
				CLANG_WARN_RANGE_LOOP_ANALYSIS = YES;
				CLANG_WARN_STRICT_PROTOTYPES = YES;
				CLANG_WARN_SUSPICIOUS_MOVE = YES;
				CLANG_WARN_UNGUARDED_AVAILABILITY = YES_AGGRESSIVE;
				CLANG_WARN_UNREACHABLE_CODE = YES;
				CLANG_WARN__DUPLICATE_METHOD_MATCH = YES;
				COPY_PHASE_STRIP = NO;
				DEBUG_INFORMATION_FORMAT = dwarf;
				ENABLE_STRICT_OBJC_MSGSEND = YES;
				ENABLE_TESTABILITY = YES;
				GCC_C_LANGUAGE_STANDARD = gnu11;
				GCC_DYNAMIC_NO_PIC = NO;
				GCC_NO_COMMON_BLOCKS = YES;
				GCC_OPTIMIZATION_LEVEL = 0;
				GCC_PREPROCESSOR_DEFINITIONS = (
					"DEBUG=1",
					"$(inherited)",
				);
				GCC_WARN_64_TO_32_BIT_CONVERSION = YES;
				GCC_WARN_ABOUT_RETURN_TYPE = YES_ERROR;
				GCC_WARN_UNDECLARED_SELECTOR = YES;
				GCC_WARN_UNINITIALIZED_AUTOS = YES_AGGRESSIVE;
				GCC_WARN_UNUSED_FUNCTION = YES;
				GCC_WARN_UNUSED_VARIABLE = YES;
				IPHONEOS_DEPLOYMENT_TARGET = 13.1;
				MTL_ENABLE_DEBUG_INFO = INCLUDE_SOURCE;
				MTL_FAST_MATH = YES;
				ONLY_ACTIVE_ARCH = YES;
				SDKROOT = iphoneos;
				SWIFT_ACTIVE_COMPILATION_CONDITIONS = DEBUG;
				SWIFT_OPTIMIZATION_LEVEL = "-Onone";
			};
			name = Debug;
		};
		8061B83623730AC80079DF16 /* Release */ = {
			isa = XCBuildConfiguration;
			buildSettings = {
				ALWAYS_SEARCH_USER_PATHS = NO;
				CLANG_ANALYZER_NONNULL = YES;
				CLANG_ANALYZER_NUMBER_OBJECT_CONVERSION = YES_AGGRESSIVE;
				CLANG_CXX_LANGUAGE_STANDARD = "gnu++14";
				CLANG_CXX_LIBRARY = "libc++";
				CLANG_ENABLE_MODULES = YES;
				CLANG_ENABLE_OBJC_ARC = YES;
				CLANG_ENABLE_OBJC_WEAK = YES;
				CLANG_WARN_BLOCK_CAPTURE_AUTORELEASING = YES;
				CLANG_WARN_BOOL_CONVERSION = YES;
				CLANG_WARN_COMMA = YES;
				CLANG_WARN_CONSTANT_CONVERSION = YES;
				CLANG_WARN_DEPRECATED_OBJC_IMPLEMENTATIONS = YES;
				CLANG_WARN_DIRECT_OBJC_ISA_USAGE = YES_ERROR;
				CLANG_WARN_DOCUMENTATION_COMMENTS = YES;
				CLANG_WARN_EMPTY_BODY = YES;
				CLANG_WARN_ENUM_CONVERSION = YES;
				CLANG_WARN_INFINITE_RECURSION = YES;
				CLANG_WARN_INT_CONVERSION = YES;
				CLANG_WARN_NON_LITERAL_NULL_CONVERSION = YES;
				CLANG_WARN_OBJC_IMPLICIT_RETAIN_SELF = YES;
				CLANG_WARN_OBJC_LITERAL_CONVERSION = YES;
				CLANG_WARN_OBJC_ROOT_CLASS = YES_ERROR;
				CLANG_WARN_RANGE_LOOP_ANALYSIS = YES;
				CLANG_WARN_STRICT_PROTOTYPES = YES;
				CLANG_WARN_SUSPICIOUS_MOVE = YES;
				CLANG_WARN_UNGUARDED_AVAILABILITY = YES_AGGRESSIVE;
				CLANG_WARN_UNREACHABLE_CODE = YES;
				CLANG_WARN__DUPLICATE_METHOD_MATCH = YES;
				COPY_PHASE_STRIP = NO;
				DEBUG_INFORMATION_FORMAT = "dwarf-with-dsym";
				ENABLE_NS_ASSERTIONS = NO;
				ENABLE_STRICT_OBJC_MSGSEND = YES;
				GCC_C_LANGUAGE_STANDARD = gnu11;
				GCC_NO_COMMON_BLOCKS = YES;
				GCC_WARN_64_TO_32_BIT_CONVERSION = YES;
				GCC_WARN_ABOUT_RETURN_TYPE = YES_ERROR;
				GCC_WARN_UNDECLARED_SELECTOR = YES;
				GCC_WARN_UNINITIALIZED_AUTOS = YES_AGGRESSIVE;
				GCC_WARN_UNUSED_FUNCTION = YES;
				GCC_WARN_UNUSED_VARIABLE = YES;
				IPHONEOS_DEPLOYMENT_TARGET = 13.1;
				MTL_ENABLE_DEBUG_INFO = NO;
				MTL_FAST_MATH = YES;
				SDKROOT = iphoneos;
				SWIFT_COMPILATION_MODE = wholemodule;
				SWIFT_OPTIMIZATION_LEVEL = "-O";
				VALIDATE_PRODUCT = YES;
			};
			name = Release;
		};
		8061B83823730AC80079DF16 /* Debug */ = {
			isa = XCBuildConfiguration;
			buildSettings = {
				ASSETCATALOG_COMPILER_APPICON_NAME = AppIcon;
				CODE_SIGN_IDENTITY = "iPhone Developer";
				CODE_SIGN_STYLE = Manual;
				DEVELOPMENT_TEAM = 8583S58LJU;
				INFOPLIST_FILE = BluetoothScannerTester/Info.plist;
				IPHONEOS_DEPLOYMENT_TARGET = 12.0;
				LD_RUNPATH_SEARCH_PATHS = (
					"$(inherited)",
					"@executable_path/Frameworks",
				);
				PRODUCT_BUNDLE_IDENTIFIER = com.silvair.BluetoothScannerTester;
				PRODUCT_NAME = "$(TARGET_NAME)";
				PROVISIONING_PROFILE_SPECIFIER = "Silvar Team Dev";
				SWIFT_VERSION = 5.0;
				TARGETED_DEVICE_FAMILY = "1,2";
			};
			name = Debug;
		};
		8061B83923730AC80079DF16 /* Release */ = {
			isa = XCBuildConfiguration;
			buildSettings = {
				ASSETCATALOG_COMPILER_APPICON_NAME = AppIcon;
				CODE_SIGN_IDENTITY = "iPhone Developer";
				CODE_SIGN_STYLE = Manual;
				DEVELOPMENT_TEAM = 8583S58LJU;
				INFOPLIST_FILE = BluetoothScannerTester/Info.plist;
				IPHONEOS_DEPLOYMENT_TARGET = 12.0;
				LD_RUNPATH_SEARCH_PATHS = (
					"$(inherited)",
					"@executable_path/Frameworks",
				);
				PRODUCT_BUNDLE_IDENTIFIER = com.silvair.BluetoothScannerTester;
				PRODUCT_NAME = "$(TARGET_NAME)";
				PROVISIONING_PROFILE_SPECIFIER = "Silvar Team Dev";
				SWIFT_VERSION = 5.0;
				TARGETED_DEVICE_FAMILY = "1,2";
			};
			name = Release;
		};
		8061B83B23730AC80079DF16 /* Debug */ = {
			isa = XCBuildConfiguration;
			buildSettings = {
				ALWAYS_EMBED_SWIFT_STANDARD_LIBRARIES = YES;
				BUNDLE_LOADER = "$(TEST_HOST)";
				CODE_SIGN_STYLE = Automatic;
				DEVELOPMENT_TEAM = 66K4T9EQN8;
				INFOPLIST_FILE = BluetoothScannerTesterTests/Info.plist;
				IPHONEOS_DEPLOYMENT_TARGET = 13.1;
				LD_RUNPATH_SEARCH_PATHS = (
					"$(inherited)",
					"@executable_path/Frameworks",
					"@loader_path/Frameworks",
				);
				PRODUCT_BUNDLE_IDENTIFIER = com.silvair.BluetoothScannerTesterTests;
				PRODUCT_NAME = "$(TARGET_NAME)";
				SWIFT_VERSION = 5.0;
				TARGETED_DEVICE_FAMILY = "1,2";
				TEST_HOST = "$(BUILT_PRODUCTS_DIR)/BluetoothScannerTester.app/BluetoothScannerTester";
			};
			name = Debug;
		};
		8061B83C23730AC80079DF16 /* Release */ = {
			isa = XCBuildConfiguration;
			buildSettings = {
				ALWAYS_EMBED_SWIFT_STANDARD_LIBRARIES = YES;
				BUNDLE_LOADER = "$(TEST_HOST)";
				CODE_SIGN_STYLE = Automatic;
				DEVELOPMENT_TEAM = 66K4T9EQN8;
				INFOPLIST_FILE = BluetoothScannerTesterTests/Info.plist;
				IPHONEOS_DEPLOYMENT_TARGET = 13.1;
				LD_RUNPATH_SEARCH_PATHS = (
					"$(inherited)",
					"@executable_path/Frameworks",
					"@loader_path/Frameworks",
				);
				PRODUCT_BUNDLE_IDENTIFIER = com.silvair.BluetoothScannerTesterTests;
				PRODUCT_NAME = "$(TARGET_NAME)";
				SWIFT_VERSION = 5.0;
				TARGETED_DEVICE_FAMILY = "1,2";
				TEST_HOST = "$(BUILT_PRODUCTS_DIR)/BluetoothScannerTester.app/BluetoothScannerTester";
			};
			name = Release;
		};
/* End XCBuildConfiguration section */

/* Begin XCConfigurationList section */
		8061B81323730AC70079DF16 /* Build configuration list for PBXProject "BluetoothScannerTester" */ = {
			isa = XCConfigurationList;
			buildConfigurations = (
				8061B83523730AC80079DF16 /* Debug */,
				8061B83623730AC80079DF16 /* Release */,
			);
			defaultConfigurationIsVisible = 0;
			defaultConfigurationName = Release;
		};
		8061B83723730AC80079DF16 /* Build configuration list for PBXNativeTarget "BluetoothScannerTester" */ = {
			isa = XCConfigurationList;
			buildConfigurations = (
				8061B83823730AC80079DF16 /* Debug */,
				8061B83923730AC80079DF16 /* Release */,
			);
			defaultConfigurationIsVisible = 0;
			defaultConfigurationName = Release;
		};
		8061B83A23730AC80079DF16 /* Build configuration list for PBXNativeTarget "BluetoothScannerTesterTests" */ = {
			isa = XCConfigurationList;
			buildConfigurations = (
				8061B83B23730AC80079DF16 /* Debug */,
				8061B83C23730AC80079DF16 /* Release */,
			);
			defaultConfigurationIsVisible = 0;
			defaultConfigurationName = Release;
		};
/* End XCConfigurationList section */
	};
	rootObject = 8061B81023730AC70079DF16 /* Project object */;
}
